// !$*UTF8*$!
{
	archiveVersion = 1;
	classes = {
	};
	objectVersion = 46;
	objects = {

/* Begin PBXBuildFile section */
		0162560C90FDED289D8E4047 /* Pods_ReppedTests.framework in Frameworks */ = {isa = PBXBuildFile; fileRef = D9F0FE0FA5ADD3716E537AAE /* Pods_ReppedTests.framework */; };
		A519A1FE2FC3F82D10F6206E /* Pods_Repped.framework in Frameworks */ = {isa = PBXBuildFile; fileRef = 7201FADE3B5AD43D57FE985E /* Pods_Repped.framework */; };
		BCC014141E679D08004F901B /* RoomViewCell.swift in Sources */ = {isa = PBXBuildFile; fileRef = BCC014131E679D08004F901B /* RoomViewCell.swift */; };
		BCC014161E67A5EC004F901B /* RoomController.swift in Sources */ = {isa = PBXBuildFile; fileRef = BCC014151E67A5EC004F901B /* RoomController.swift */; };
		C89F9DEB8D56D48322769E84 /* Pods_ReppedUITests.framework in Frameworks */ = {isa = PBXBuildFile; fileRef = 5BEE666B8E8AC1F90BDD6477 /* Pods_ReppedUITests.framework */; };
		DB1F47021E62607400F0FFEC /* Room.storyboard in Resources */ = {isa = PBXBuildFile; fileRef = DB1F47011E62607400F0FFEC /* Room.storyboard */; };
		DB1F47041E6261FA00F0FFEC /* MusicController.swift in Sources */ = {isa = PBXBuildFile; fileRef = DB1F47031E6261FA00F0FFEC /* MusicController.swift */; };
		DB3A775E1E52AE9A001D3B15 /* GoogleService-Info.plist in Resources */ = {isa = PBXBuildFile; fileRef = DB3A775D1E52AE9A001D3B15 /* GoogleService-Info.plist */; };
		DB3B28DB1E63E0EC00AB6C18 /* Room.swift in Sources */ = {isa = PBXBuildFile; fileRef = DB3B28DA1E63E0EC00AB6C18 /* Room.swift */; };
		DB3B28DD1E63E55000AB6C18 /* HomeViewCell.swift in Sources */ = {isa = PBXBuildFile; fileRef = DB3B28DC1E63E55000AB6C18 /* HomeViewCell.swift */; };
		DBC80E8F1E4B840E00A3CCBC /* AppDelegate.swift in Sources */ = {isa = PBXBuildFile; fileRef = DBC80E8E1E4B840E00A3CCBC /* AppDelegate.swift */; };
		DBC80E911E4B840E00A3CCBC /* LoginController.swift in Sources */ = {isa = PBXBuildFile; fileRef = DBC80E901E4B840E00A3CCBC /* LoginController.swift */; };
		DBC80E941E4B840E00A3CCBC /* Login.storyboard in Resources */ = {isa = PBXBuildFile; fileRef = DBC80E921E4B840E00A3CCBC /* Login.storyboard */; };
		DBC80E961E4B840E00A3CCBC /* Assets.xcassets in Resources */ = {isa = PBXBuildFile; fileRef = DBC80E951E4B840E00A3CCBC /* Assets.xcassets */; };
		DBC80E991E4B840E00A3CCBC /* LaunchScreen.storyboard in Resources */ = {isa = PBXBuildFile; fileRef = DBC80E971E4B840E00A3CCBC /* LaunchScreen.storyboard */; };
		DBC80EA41E4B840F00A3CCBC /* ReppedTests.swift in Sources */ = {isa = PBXBuildFile; fileRef = DBC80EA31E4B840F00A3CCBC /* ReppedTests.swift */; };
		DBC80EAF1E4B840F00A3CCBC /* ReppedUITests.swift in Sources */ = {isa = PBXBuildFile; fileRef = DBC80EAE1E4B840F00A3CCBC /* ReppedUITests.swift */; };
		DBFA247B1E57F25300224898 /* Home.storyboard in Resources */ = {isa = PBXBuildFile; fileRef = DBFA247A1E57F25300224898 /* Home.storyboard */; };
		DBFA247D1E57F29B00224898 /* HomeController.swift in Sources */ = {isa = PBXBuildFile; fileRef = DBFA247C1E57F29B00224898 /* HomeController.swift */; };
		DBFBB8BA1E66749500C85C1C /* User.swift in Sources */ = {isa = PBXBuildFile; fileRef = DBFBB8B91E66749500C85C1C /* User.swift */; };
/* End PBXBuildFile section */

/* Begin PBXContainerItemProxy section */
		DBC80EA01E4B840F00A3CCBC /* PBXContainerItemProxy */ = {
			isa = PBXContainerItemProxy;
			containerPortal = DBC80E831E4B840E00A3CCBC /* Project object */;
			proxyType = 1;
			remoteGlobalIDString = DBC80E8A1E4B840E00A3CCBC;
			remoteInfo = Repped;
		};
		DBC80EAB1E4B840F00A3CCBC /* PBXContainerItemProxy */ = {
			isa = PBXContainerItemProxy;
			containerPortal = DBC80E831E4B840E00A3CCBC /* Project object */;
			proxyType = 1;
			remoteGlobalIDString = DBC80E8A1E4B840E00A3CCBC;
			remoteInfo = Repped;
		};
/* End PBXContainerItemProxy section */

/* Begin PBXFileReference section */
		3500F1CCD51CE1643930FF9C /* Pods-ReppedUITests.debug.xcconfig */ = {isa = PBXFileReference; includeInIndex = 1; lastKnownFileType = text.xcconfig; name = "Pods-ReppedUITests.debug.xcconfig"; path = "Pods/Target Support Files/Pods-ReppedUITests/Pods-ReppedUITests.debug.xcconfig"; sourceTree = "<group>"; };
		5BEE666B8E8AC1F90BDD6477 /* Pods_ReppedUITests.framework */ = {isa = PBXFileReference; explicitFileType = wrapper.framework; includeInIndex = 0; path = Pods_ReppedUITests.framework; sourceTree = BUILT_PRODUCTS_DIR; };
		7201FADE3B5AD43D57FE985E /* Pods_Repped.framework */ = {isa = PBXFileReference; explicitFileType = wrapper.framework; includeInIndex = 0; path = Pods_Repped.framework; sourceTree = BUILT_PRODUCTS_DIR; };
		B8F83473F98DA110ADD37539 /* Pods-ReppedTests.release.xcconfig */ = {isa = PBXFileReference; includeInIndex = 1; lastKnownFileType = text.xcconfig; name = "Pods-ReppedTests.release.xcconfig"; path = "Pods/Target Support Files/Pods-ReppedTests/Pods-ReppedTests.release.xcconfig"; sourceTree = "<group>"; };
		BC1E625F2B916793BCA58482 /* Pods-Repped.debug.xcconfig */ = {isa = PBXFileReference; includeInIndex = 1; lastKnownFileType = text.xcconfig; name = "Pods-Repped.debug.xcconfig"; path = "Pods/Target Support Files/Pods-Repped/Pods-Repped.debug.xcconfig"; sourceTree = "<group>"; };
		BCC014131E679D08004F901B /* RoomViewCell.swift */ = {isa = PBXFileReference; fileEncoding = 4; lastKnownFileType = sourcecode.swift; path = RoomViewCell.swift; sourceTree = "<group>"; };
		BCC014151E67A5EC004F901B /* RoomController.swift */ = {isa = PBXFileReference; fileEncoding = 4; lastKnownFileType = sourcecode.swift; path = RoomController.swift; sourceTree = "<group>"; };
		BDBCB15701519444437FA42C /* Pods-ReppedTests.debug.xcconfig */ = {isa = PBXFileReference; includeInIndex = 1; lastKnownFileType = text.xcconfig; name = "Pods-ReppedTests.debug.xcconfig"; path = "Pods/Target Support Files/Pods-ReppedTests/Pods-ReppedTests.debug.xcconfig"; sourceTree = "<group>"; };
		D9F0FE0FA5ADD3716E537AAE /* Pods_ReppedTests.framework */ = {isa = PBXFileReference; explicitFileType = wrapper.framework; includeInIndex = 0; path = Pods_ReppedTests.framework; sourceTree = BUILT_PRODUCTS_DIR; };
		DB1F47011E62607400F0FFEC /* Room.storyboard */ = {isa = PBXFileReference; fileEncoding = 4; lastKnownFileType = file.storyboard; path = Room.storyboard; sourceTree = "<group>"; };
		DB1F47031E6261FA00F0FFEC /* MusicController.swift */ = {isa = PBXFileReference; fileEncoding = 4; lastKnownFileType = sourcecode.swift; path = MusicController.swift; sourceTree = "<group>"; };
		DB3A775D1E52AE9A001D3B15 /* GoogleService-Info.plist */ = {isa = PBXFileReference; fileEncoding = 4; lastKnownFileType = text.plist.xml; path = "GoogleService-Info.plist"; sourceTree = "<group>"; };
		DB3A775F1E52C4DC001D3B15 /* BridgingHeader.h */ = {isa = PBXFileReference; lastKnownFileType = sourcecode.c.h; path = BridgingHeader.h; sourceTree = "<group>"; };
		DB3B28DA1E63E0EC00AB6C18 /* Room.swift */ = {isa = PBXFileReference; fileEncoding = 4; lastKnownFileType = sourcecode.swift; path = Room.swift; sourceTree = "<group>"; };
		DB3B28DC1E63E55000AB6C18 /* HomeViewCell.swift */ = {isa = PBXFileReference; fileEncoding = 4; lastKnownFileType = sourcecode.swift; path = HomeViewCell.swift; sourceTree = "<group>"; };
		DBC80E8B1E4B840E00A3CCBC /* Repped.app */ = {isa = PBXFileReference; explicitFileType = wrapper.application; includeInIndex = 0; path = Repped.app; sourceTree = BUILT_PRODUCTS_DIR; };
		DBC80E8E1E4B840E00A3CCBC /* AppDelegate.swift */ = {isa = PBXFileReference; lastKnownFileType = sourcecode.swift; path = AppDelegate.swift; sourceTree = "<group>"; };
		DBC80E901E4B840E00A3CCBC /* LoginController.swift */ = {isa = PBXFileReference; lastKnownFileType = sourcecode.swift; path = LoginController.swift; sourceTree = "<group>"; };
		DBC80E931E4B840E00A3CCBC /* Base */ = {isa = PBXFileReference; lastKnownFileType = file.storyboard; name = Base; path = Base.lproj/Login.storyboard; sourceTree = "<group>"; };
		DBC80E951E4B840E00A3CCBC /* Assets.xcassets */ = {isa = PBXFileReference; lastKnownFileType = folder.assetcatalog; path = Assets.xcassets; sourceTree = "<group>"; };
		DBC80E981E4B840E00A3CCBC /* Base */ = {isa = PBXFileReference; lastKnownFileType = file.storyboard; name = Base; path = Base.lproj/LaunchScreen.storyboard; sourceTree = "<group>"; };
		DBC80E9A1E4B840E00A3CCBC /* Info.plist */ = {isa = PBXFileReference; lastKnownFileType = text.plist.xml; path = Info.plist; sourceTree = "<group>"; };
		DBC80E9F1E4B840F00A3CCBC /* ReppedTests.xctest */ = {isa = PBXFileReference; explicitFileType = wrapper.cfbundle; includeInIndex = 0; path = ReppedTests.xctest; sourceTree = BUILT_PRODUCTS_DIR; };
		DBC80EA31E4B840F00A3CCBC /* ReppedTests.swift */ = {isa = PBXFileReference; lastKnownFileType = sourcecode.swift; path = ReppedTests.swift; sourceTree = "<group>"; };
		DBC80EA51E4B840F00A3CCBC /* Info.plist */ = {isa = PBXFileReference; lastKnownFileType = text.plist.xml; path = Info.plist; sourceTree = "<group>"; };
		DBC80EAA1E4B840F00A3CCBC /* ReppedUITests.xctest */ = {isa = PBXFileReference; explicitFileType = wrapper.cfbundle; includeInIndex = 0; path = ReppedUITests.xctest; sourceTree = BUILT_PRODUCTS_DIR; };
		DBC80EAE1E4B840F00A3CCBC /* ReppedUITests.swift */ = {isa = PBXFileReference; lastKnownFileType = sourcecode.swift; path = ReppedUITests.swift; sourceTree = "<group>"; };
		DBC80EB01E4B840F00A3CCBC /* Info.plist */ = {isa = PBXFileReference; lastKnownFileType = text.plist.xml; path = Info.plist; sourceTree = "<group>"; };
		DBFA247A1E57F25300224898 /* Home.storyboard */ = {isa = PBXFileReference; fileEncoding = 4; lastKnownFileType = file.storyboard; path = Home.storyboard; sourceTree = "<group>"; };
		DBFA247C1E57F29B00224898 /* HomeController.swift */ = {isa = PBXFileReference; fileEncoding = 4; lastKnownFileType = sourcecode.swift; path = HomeController.swift; sourceTree = "<group>"; };
		DBFBB8B91E66749500C85C1C /* User.swift */ = {isa = PBXFileReference; fileEncoding = 4; lastKnownFileType = sourcecode.swift; path = User.swift; sourceTree = "<group>"; };
		DC6F11409791BEBA8BE1DEA9 /* Pods-ReppedUITests.release.xcconfig */ = {isa = PBXFileReference; includeInIndex = 1; lastKnownFileType = text.xcconfig; name = "Pods-ReppedUITests.release.xcconfig"; path = "Pods/Target Support Files/Pods-ReppedUITests/Pods-ReppedUITests.release.xcconfig"; sourceTree = "<group>"; };
		F0C9986E9D4553657775FCD1 /* Pods-Repped.release.xcconfig */ = {isa = PBXFileReference; includeInIndex = 1; lastKnownFileType = text.xcconfig; name = "Pods-Repped.release.xcconfig"; path = "Pods/Target Support Files/Pods-Repped/Pods-Repped.release.xcconfig"; sourceTree = "<group>"; };
/* End PBXFileReference section */

/* Begin PBXFrameworksBuildPhase section */
		DBC80E881E4B840E00A3CCBC /* Frameworks */ = {
			isa = PBXFrameworksBuildPhase;
			buildActionMask = 2147483647;
			files = (
				A519A1FE2FC3F82D10F6206E /* Pods_Repped.framework in Frameworks */,
			);
			runOnlyForDeploymentPostprocessing = 0;
		};
		DBC80E9C1E4B840F00A3CCBC /* Frameworks */ = {
			isa = PBXFrameworksBuildPhase;
			buildActionMask = 2147483647;
			files = (
				0162560C90FDED289D8E4047 /* Pods_ReppedTests.framework in Frameworks */,
			);
			runOnlyForDeploymentPostprocessing = 0;
		};
		DBC80EA71E4B840F00A3CCBC /* Frameworks */ = {
			isa = PBXFrameworksBuildPhase;
			buildActionMask = 2147483647;
			files = (
				C89F9DEB8D56D48322769E84 /* Pods_ReppedUITests.framework in Frameworks */,
			);
			runOnlyForDeploymentPostprocessing = 0;
		};
/* End PBXFrameworksBuildPhase section */

/* Begin PBXGroup section */
		600CD5A993F248FBF1505AAA /* Pods */ = {
			isa = PBXGroup;
			children = (
				BC1E625F2B916793BCA58482 /* Pods-Repped.debug.xcconfig */,
				F0C9986E9D4553657775FCD1 /* Pods-Repped.release.xcconfig */,
				BDBCB15701519444437FA42C /* Pods-ReppedTests.debug.xcconfig */,
				B8F83473F98DA110ADD37539 /* Pods-ReppedTests.release.xcconfig */,
				3500F1CCD51CE1643930FF9C /* Pods-ReppedUITests.debug.xcconfig */,
				DC6F11409791BEBA8BE1DEA9 /* Pods-ReppedUITests.release.xcconfig */,
			);
			name = Pods;
			sourceTree = "<group>";
		};
		A0B12558BAAC1F9939D1F19E /* Frameworks */ = {
			isa = PBXGroup;
			children = (
				7201FADE3B5AD43D57FE985E /* Pods_Repped.framework */,
				D9F0FE0FA5ADD3716E537AAE /* Pods_ReppedTests.framework */,
				5BEE666B8E8AC1F90BDD6477 /* Pods_ReppedUITests.framework */,
			);
			name = Frameworks;
			sourceTree = "<group>";
		};
		DBC80E821E4B840E00A3CCBC = {
			isa = PBXGroup;
			children = (
				DBC80E8D1E4B840E00A3CCBC /* Repped */,
				DBC80EA21E4B840F00A3CCBC /* ReppedTests */,
				DBC80EAD1E4B840F00A3CCBC /* ReppedUITests */,
				DBC80E8C1E4B840E00A3CCBC /* Products */,
				600CD5A993F248FBF1505AAA /* Pods */,
				A0B12558BAAC1F9939D1F19E /* Frameworks */,
			);
			sourceTree = "<group>";
		};
		DBC80E8C1E4B840E00A3CCBC /* Products */ = {
			isa = PBXGroup;
			children = (
				DBC80E8B1E4B840E00A3CCBC /* Repped.app */,
				DBC80E9F1E4B840F00A3CCBC /* ReppedTests.xctest */,
				DBC80EAA1E4B840F00A3CCBC /* ReppedUITests.xctest */,
			);
			name = Products;
			sourceTree = "<group>";
		};
		DBC80E8D1E4B840E00A3CCBC /* Repped */ = {
			isa = PBXGroup;
			children = (
				DBC80E8E1E4B840E00A3CCBC /* AppDelegate.swift */,
				DBC80E901E4B840E00A3CCBC /* LoginController.swift */,
				DBFA247C1E57F29B00224898 /* HomeController.swift */,
				DBFBB8B91E66749500C85C1C /* User.swift */,
				DB1F47031E6261FA00F0FFEC /* MusicController.swift */,
				BCC014151E67A5EC004F901B /* RoomController.swift */,
				DB3B28DA1E63E0EC00AB6C18 /* Room.swift */,
				DB3B28DC1E63E55000AB6C18 /* HomeViewCell.swift */,
				BCC014131E679D08004F901B /* RoomViewCell.swift */,
				DBFA247A1E57F25300224898 /* Home.storyboard */,
				DB1F47011E62607400F0FFEC /* Room.storyboard */,
				DBC80E921E4B840E00A3CCBC /* Login.storyboard */,
				DBC80E971E4B840E00A3CCBC /* LaunchScreen.storyboard */,
				DB3A775F1E52C4DC001D3B15 /* BridgingHeader.h */,
				DBC80E951E4B840E00A3CCBC /* Assets.xcassets */,
				DBC80E9A1E4B840E00A3CCBC /* Info.plist */,
				DB3A775D1E52AE9A001D3B15 /* GoogleService-Info.plist */,
			);
			path = Repped;
			sourceTree = "<group>";
		};
		DBC80EA21E4B840F00A3CCBC /* ReppedTests */ = {
			isa = PBXGroup;
			children = (
				DBC80EA31E4B840F00A3CCBC /* ReppedTests.swift */,
				DBC80EA51E4B840F00A3CCBC /* Info.plist */,
			);
			path = ReppedTests;
			sourceTree = "<group>";
		};
		DBC80EAD1E4B840F00A3CCBC /* ReppedUITests */ = {
			isa = PBXGroup;
			children = (
				DBC80EAE1E4B840F00A3CCBC /* ReppedUITests.swift */,
				DBC80EB01E4B840F00A3CCBC /* Info.plist */,
			);
			path = ReppedUITests;
			sourceTree = "<group>";
		};
/* End PBXGroup section */

/* Begin PBXNativeTarget section */
		DBC80E8A1E4B840E00A3CCBC /* Repped */ = {
			isa = PBXNativeTarget;
			buildConfigurationList = DBC80EB31E4B840F00A3CCBC /* Build configuration list for PBXNativeTarget "Repped" */;
			buildPhases = (
				EE3C4708644C1C947EFB8B49 /* [CP] Check Pods Manifest.lock */,
				DBC80E871E4B840E00A3CCBC /* Sources */,
				DBC80E881E4B840E00A3CCBC /* Frameworks */,
				DBC80E891E4B840E00A3CCBC /* Resources */,
				1CC85CC1B8E8616F2AAA31E1 /* [CP] Embed Pods Frameworks */,
				643C6DCF35C6D2610980B8DE /* [CP] Copy Pods Resources */,
			);
			buildRules = (
			);
			dependencies = (
			);
			name = Repped;
			productName = Repped;
			productReference = DBC80E8B1E4B840E00A3CCBC /* Repped.app */;
			productType = "com.apple.product-type.application";
		};
		DBC80E9E1E4B840F00A3CCBC /* ReppedTests */ = {
			isa = PBXNativeTarget;
			buildConfigurationList = DBC80EB61E4B840F00A3CCBC /* Build configuration list for PBXNativeTarget "ReppedTests" */;
			buildPhases = (
				9D07D1773653D46407674A6B /* [CP] Check Pods Manifest.lock */,
				DBC80E9B1E4B840F00A3CCBC /* Sources */,
				DBC80E9C1E4B840F00A3CCBC /* Frameworks */,
				DBC80E9D1E4B840F00A3CCBC /* Resources */,
				AD402EB561A48D21A2F87B11 /* [CP] Embed Pods Frameworks */,
				32C0821144E0488F83EF02EA /* [CP] Copy Pods Resources */,
			);
			buildRules = (
			);
			dependencies = (
				DBC80EA11E4B840F00A3CCBC /* PBXTargetDependency */,
			);
			name = ReppedTests;
			productName = ReppedTests;
			productReference = DBC80E9F1E4B840F00A3CCBC /* ReppedTests.xctest */;
			productType = "com.apple.product-type.bundle.unit-test";
		};
		DBC80EA91E4B840F00A3CCBC /* ReppedUITests */ = {
			isa = PBXNativeTarget;
			buildConfigurationList = DBC80EB91E4B840F00A3CCBC /* Build configuration list for PBXNativeTarget "ReppedUITests" */;
			buildPhases = (
				FC9661CA3AA5A6D8D92A7B34 /* [CP] Check Pods Manifest.lock */,
				DBC80EA61E4B840F00A3CCBC /* Sources */,
				DBC80EA71E4B840F00A3CCBC /* Frameworks */,
				DBC80EA81E4B840F00A3CCBC /* Resources */,
				CDA3F62960139247801D63CC /* [CP] Copy Pods Resources */,
				DAD9E2F8BFFC01E7C2801179 /* [CP] Embed Pods Frameworks */,
			);
			buildRules = (
			);
			dependencies = (
				DBC80EAC1E4B840F00A3CCBC /* PBXTargetDependency */,
			);
			name = ReppedUITests;
			productName = ReppedUITests;
			productReference = DBC80EAA1E4B840F00A3CCBC /* ReppedUITests.xctest */;
			productType = "com.apple.product-type.bundle.ui-testing";
		};
/* End PBXNativeTarget section */

/* Begin PBXProject section */
		DBC80E831E4B840E00A3CCBC /* Project object */ = {
			isa = PBXProject;
			attributes = {
				LastSwiftUpdateCheck = 0800;
				LastUpgradeCheck = 0800;
				ORGANIZATIONNAME = Audiophiles;
				TargetAttributes = {
					DBC80E8A1E4B840E00A3CCBC = {
						CreatedOnToolsVersion = 8.0;
						DevelopmentTeam = 3CFHANQN39;
						ProvisioningStyle = Automatic;
						SystemCapabilities = {
							com.apple.BackgroundModes = {
								enabled = 1;
							};
						};
					};
					DBC80E9E1E4B840F00A3CCBC = {
						CreatedOnToolsVersion = 8.0;
						ProvisioningStyle = Automatic;
						TestTargetID = DBC80E8A1E4B840E00A3CCBC;
					};
					DBC80EA91E4B840F00A3CCBC = {
						CreatedOnToolsVersion = 8.0;
						ProvisioningStyle = Automatic;
						TestTargetID = DBC80E8A1E4B840E00A3CCBC;
					};
				};
			};
			buildConfigurationList = DBC80E861E4B840E00A3CCBC /* Build configuration list for PBXProject "Repped" */;
			compatibilityVersion = "Xcode 3.2";
			developmentRegion = English;
			hasScannedForEncodings = 0;
			knownRegions = (
				en,
				Base,
			);
			mainGroup = DBC80E821E4B840E00A3CCBC;
			productRefGroup = DBC80E8C1E4B840E00A3CCBC /* Products */;
			projectDirPath = "";
			projectRoot = "";
			targets = (
				DBC80E8A1E4B840E00A3CCBC /* Repped */,
				DBC80E9E1E4B840F00A3CCBC /* ReppedTests */,
				DBC80EA91E4B840F00A3CCBC /* ReppedUITests */,
			);
		};
/* End PBXProject section */

/* Begin PBXResourcesBuildPhase section */
		DBC80E891E4B840E00A3CCBC /* Resources */ = {
			isa = PBXResourcesBuildPhase;
			buildActionMask = 2147483647;
			files = (
				DBC80E991E4B840E00A3CCBC /* LaunchScreen.storyboard in Resources */,
				DBFA247B1E57F25300224898 /* Home.storyboard in Resources */,
				DB3A775E1E52AE9A001D3B15 /* GoogleService-Info.plist in Resources */,
				DB1F47021E62607400F0FFEC /* Room.storyboard in Resources */,
				DBC80E961E4B840E00A3CCBC /* Assets.xcassets in Resources */,
				DBC80E941E4B840E00A3CCBC /* Login.storyboard in Resources */,
			);
			runOnlyForDeploymentPostprocessing = 0;
		};
		DBC80E9D1E4B840F00A3CCBC /* Resources */ = {
			isa = PBXResourcesBuildPhase;
			buildActionMask = 2147483647;
			files = (
			);
			runOnlyForDeploymentPostprocessing = 0;
		};
		DBC80EA81E4B840F00A3CCBC /* Resources */ = {
			isa = PBXResourcesBuildPhase;
			buildActionMask = 2147483647;
			files = (
			);
			runOnlyForDeploymentPostprocessing = 0;
		};
/* End PBXResourcesBuildPhase section */

/* Begin PBXShellScriptBuildPhase section */
		1CC85CC1B8E8616F2AAA31E1 /* [CP] Embed Pods Frameworks */ = {
			isa = PBXShellScriptBuildPhase;
			buildActionMask = 2147483647;
			files = (
			);
			inputPaths = (
			);
			name = "[CP] Embed Pods Frameworks";
			outputPaths = (
			);
			runOnlyForDeploymentPostprocessing = 0;
			shellPath = /bin/sh;
			shellScript = "\"${SRCROOT}/Pods/Target Support Files/Pods-Repped/Pods-Repped-frameworks.sh\"\n";
			showEnvVarsInLog = 0;
		};
		32C0821144E0488F83EF02EA /* [CP] Copy Pods Resources */ = {
			isa = PBXShellScriptBuildPhase;
			buildActionMask = 2147483647;
			files = (
			);
			inputPaths = (
			);
			name = "[CP] Copy Pods Resources";
			outputPaths = (
			);
			runOnlyForDeploymentPostprocessing = 0;
			shellPath = /bin/sh;
			shellScript = "\"${SRCROOT}/Pods/Target Support Files/Pods-ReppedTests/Pods-ReppedTests-resources.sh\"\n";
			showEnvVarsInLog = 0;
		};
		643C6DCF35C6D2610980B8DE /* [CP] Copy Pods Resources */ = {
			isa = PBXShellScriptBuildPhase;
			buildActionMask = 2147483647;
			files = (
			);
			inputPaths = (
			);
			name = "[CP] Copy Pods Resources";
			outputPaths = (
			);
			runOnlyForDeploymentPostprocessing = 0;
			shellPath = /bin/sh;
			shellScript = "\"${SRCROOT}/Pods/Target Support Files/Pods-Repped/Pods-Repped-resources.sh\"\n";
			showEnvVarsInLog = 0;
		};
		9D07D1773653D46407674A6B /* [CP] Check Pods Manifest.lock */ = {
			isa = PBXShellScriptBuildPhase;
			buildActionMask = 2147483647;
			files = (
			);
			inputPaths = (
			);
			name = "[CP] Check Pods Manifest.lock";
			outputPaths = (
			);
			runOnlyForDeploymentPostprocessing = 0;
			shellPath = /bin/sh;
			shellScript = "diff \"${PODS_ROOT}/../Podfile.lock\" \"${PODS_ROOT}/Manifest.lock\" > /dev/null\nif [ $? != 0 ] ; then\n    # print error to STDERR\n    echo \"error: The sandbox is not in sync with the Podfile.lock. Run 'pod install' or update your CocoaPods installation.\" >&2\n    exit 1\nfi\n";
			showEnvVarsInLog = 0;
		};
		AD402EB561A48D21A2F87B11 /* [CP] Embed Pods Frameworks */ = {
			isa = PBXShellScriptBuildPhase;
			buildActionMask = 2147483647;
			files = (
			);
			inputPaths = (
			);
			name = "[CP] Embed Pods Frameworks";
			outputPaths = (
			);
			runOnlyForDeploymentPostprocessing = 0;
			shellPath = /bin/sh;
			shellScript = "\"${SRCROOT}/Pods/Target Support Files/Pods-ReppedTests/Pods-ReppedTests-frameworks.sh\"\n";
			showEnvVarsInLog = 0;
		};
		CDA3F62960139247801D63CC /* [CP] Copy Pods Resources */ = {
			isa = PBXShellScriptBuildPhase;
			buildActionMask = 2147483647;
			files = (
			);
			inputPaths = (
			);
			name = "[CP] Copy Pods Resources";
			outputPaths = (
			);
			runOnlyForDeploymentPostprocessing = 0;
			shellPath = /bin/sh;
			shellScript = "\"${SRCROOT}/Pods/Target Support Files/Pods-ReppedUITests/Pods-ReppedUITests-resources.sh\"\n";
			showEnvVarsInLog = 0;
		};
		DAD9E2F8BFFC01E7C2801179 /* [CP] Embed Pods Frameworks */ = {
			isa = PBXShellScriptBuildPhase;
			buildActionMask = 2147483647;
			files = (
			);
			inputPaths = (
			);
			name = "[CP] Embed Pods Frameworks";
			outputPaths = (
			);
			runOnlyForDeploymentPostprocessing = 0;
			shellPath = /bin/sh;
			shellScript = "\"${SRCROOT}/Pods/Target Support Files/Pods-ReppedUITests/Pods-ReppedUITests-frameworks.sh\"\n";
			showEnvVarsInLog = 0;
		};
		EE3C4708644C1C947EFB8B49 /* [CP] Check Pods Manifest.lock */ = {
			isa = PBXShellScriptBuildPhase;
			buildActionMask = 2147483647;
			files = (
			);
			inputPaths = (
			);
			name = "[CP] Check Pods Manifest.lock";
			outputPaths = (
			);
			runOnlyForDeploymentPostprocessing = 0;
			shellPath = /bin/sh;
			shellScript = "diff \"${PODS_ROOT}/../Podfile.lock\" \"${PODS_ROOT}/Manifest.lock\" > /dev/null\nif [ $? != 0 ] ; then\n    # print error to STDERR\n    echo \"error: The sandbox is not in sync with the Podfile.lock. Run 'pod install' or update your CocoaPods installation.\" >&2\n    exit 1\nfi\n";
			showEnvVarsInLog = 0;
		};
		FC9661CA3AA5A6D8D92A7B34 /* [CP] Check Pods Manifest.lock */ = {
			isa = PBXShellScriptBuildPhase;
			buildActionMask = 2147483647;
			files = (
			);
			inputPaths = (
			);
			name = "[CP] Check Pods Manifest.lock";
			outputPaths = (
			);
			runOnlyForDeploymentPostprocessing = 0;
			shellPath = /bin/sh;
			shellScript = "diff \"${PODS_ROOT}/../Podfile.lock\" \"${PODS_ROOT}/Manifest.lock\" > /dev/null\nif [ $? != 0 ] ; then\n    # print error to STDERR\n    echo \"error: The sandbox is not in sync with the Podfile.lock. Run 'pod install' or update your CocoaPods installation.\" >&2\n    exit 1\nfi\n";
			showEnvVarsInLog = 0;
		};
/* End PBXShellScriptBuildPhase section */

/* Begin PBXSourcesBuildPhase section */
		DBC80E871E4B840E00A3CCBC /* Sources */ = {
			isa = PBXSourcesBuildPhase;
			buildActionMask = 2147483647;
			files = (
				DB1F47041E6261FA00F0FFEC /* MusicController.swift in Sources */,
				BCC014161E67A5EC004F901B /* RoomController.swift in Sources */,
				DBC80E911E4B840E00A3CCBC /* LoginController.swift in Sources */,
				DBC80E8F1E4B840E00A3CCBC /* AppDelegate.swift in Sources */,
				DBFA247D1E57F29B00224898 /* HomeController.swift in Sources */,
				DB3B28DB1E63E0EC00AB6C18 /* Room.swift in Sources */,
				BCC014141E679D08004F901B /* RoomViewCell.swift in Sources */,
				DB3B28DD1E63E55000AB6C18 /* HomeViewCell.swift in Sources */,
				DBFBB8BA1E66749500C85C1C /* User.swift in Sources */,
			);
			runOnlyForDeploymentPostprocessing = 0;
		};
		DBC80E9B1E4B840F00A3CCBC /* Sources */ = {
			isa = PBXSourcesBuildPhase;
			buildActionMask = 2147483647;
			files = (
				DBC80EA41E4B840F00A3CCBC /* ReppedTests.swift in Sources */,
			);
			runOnlyForDeploymentPostprocessing = 0;
		};
		DBC80EA61E4B840F00A3CCBC /* Sources */ = {
			isa = PBXSourcesBuildPhase;
			buildActionMask = 2147483647;
			files = (
				DBC80EAF1E4B840F00A3CCBC /* ReppedUITests.swift in Sources */,
			);
			runOnlyForDeploymentPostprocessing = 0;
		};
/* End PBXSourcesBuildPhase section */

/* Begin PBXTargetDependency section */
		DBC80EA11E4B840F00A3CCBC /* PBXTargetDependency */ = {
			isa = PBXTargetDependency;
			target = DBC80E8A1E4B840E00A3CCBC /* Repped */;
			targetProxy = DBC80EA01E4B840F00A3CCBC /* PBXContainerItemProxy */;
		};
		DBC80EAC1E4B840F00A3CCBC /* PBXTargetDependency */ = {
			isa = PBXTargetDependency;
			target = DBC80E8A1E4B840E00A3CCBC /* Repped */;
			targetProxy = DBC80EAB1E4B840F00A3CCBC /* PBXContainerItemProxy */;
		};
/* End PBXTargetDependency section */

/* Begin PBXVariantGroup section */
		DBC80E921E4B840E00A3CCBC /* Login.storyboard */ = {
			isa = PBXVariantGroup;
			children = (
				DBC80E931E4B840E00A3CCBC /* Base */,
			);
			name = Login.storyboard;
			sourceTree = "<group>";
		};
		DBC80E971E4B840E00A3CCBC /* LaunchScreen.storyboard */ = {
			isa = PBXVariantGroup;
			children = (
				DBC80E981E4B840E00A3CCBC /* Base */,
			);
			name = LaunchScreen.storyboard;
			sourceTree = "<group>";
		};
/* End PBXVariantGroup section */

/* Begin XCBuildConfiguration section */
		DBC80EB11E4B840F00A3CCBC /* Debug */ = {
			isa = XCBuildConfiguration;
			buildSettings = {
				ALWAYS_SEARCH_USER_PATHS = NO;
				CLANG_ANALYZER_NONNULL = YES;
				CLANG_CXX_LANGUAGE_STANDARD = "gnu++0x";
				CLANG_CXX_LIBRARY = "libc++";
				CLANG_ENABLE_MODULES = YES;
				CLANG_ENABLE_OBJC_ARC = YES;
				CLANG_WARN_BOOL_CONVERSION = YES;
				CLANG_WARN_CONSTANT_CONVERSION = YES;
				CLANG_WARN_DIRECT_OBJC_ISA_USAGE = YES_ERROR;
				CLANG_WARN_DOCUMENTATION_COMMENTS = YES;
				CLANG_WARN_EMPTY_BODY = YES;
				CLANG_WARN_ENUM_CONVERSION = YES;
				CLANG_WARN_INFINITE_RECURSION = YES;
				CLANG_WARN_INT_CONVERSION = YES;
				CLANG_WARN_OBJC_ROOT_CLASS = YES_ERROR;
				CLANG_WARN_SUSPICIOUS_MOVES = YES;
				CLANG_WARN_UNREACHABLE_CODE = YES;
				CLANG_WARN__DUPLICATE_METHOD_MATCH = YES;
				"CODE_SIGN_IDENTITY[sdk=iphoneos*]" = "iPhone Developer";
				COPY_PHASE_STRIP = NO;
				DEBUG_INFORMATION_FORMAT = dwarf;
				ENABLE_STRICT_OBJC_MSGSEND = YES;
				ENABLE_TESTABILITY = YES;
				GCC_C_LANGUAGE_STANDARD = gnu99;
				GCC_DYNAMIC_NO_PIC = NO;
				GCC_NO_COMMON_BLOCKS = YES;
				GCC_OPTIMIZATION_LEVEL = 0;
				GCC_PREPROCESSOR_DEFINITIONS = (
					"DEBUG=1",
					"$(inherited)",
				);
				GCC_WARN_64_TO_32_BIT_CONVERSION = YES;
				GCC_WARN_ABOUT_RETURN_TYPE = YES_ERROR;
				GCC_WARN_UNDECLARED_SELECTOR = YES;
				GCC_WARN_UNINITIALIZED_AUTOS = YES_AGGRESSIVE;
				GCC_WARN_UNUSED_FUNCTION = YES;
				GCC_WARN_UNUSED_VARIABLE = YES;
				IPHONEOS_DEPLOYMENT_TARGET = 10.0;
				MTL_ENABLE_DEBUG_INFO = YES;
				ONLY_ACTIVE_ARCH = YES;
				SDKROOT = iphoneos;
				SWIFT_ACTIVE_COMPILATION_CONDITIONS = DEBUG;
				SWIFT_OPTIMIZATION_LEVEL = "-Onone";
				TARGETED_DEVICE_FAMILY = "1,2";
			};
			name = Debug;
		};
		DBC80EB21E4B840F00A3CCBC /* Release */ = {
			isa = XCBuildConfiguration;
			buildSettings = {
				ALWAYS_SEARCH_USER_PATHS = NO;
				CLANG_ANALYZER_NONNULL = YES;
				CLANG_CXX_LANGUAGE_STANDARD = "gnu++0x";
				CLANG_CXX_LIBRARY = "libc++";
				CLANG_ENABLE_MODULES = YES;
				CLANG_ENABLE_OBJC_ARC = YES;
				CLANG_WARN_BOOL_CONVERSION = YES;
				CLANG_WARN_CONSTANT_CONVERSION = YES;
				CLANG_WARN_DIRECT_OBJC_ISA_USAGE = YES_ERROR;
				CLANG_WARN_DOCUMENTATION_COMMENTS = YES;
				CLANG_WARN_EMPTY_BODY = YES;
				CLANG_WARN_ENUM_CONVERSION = YES;
				CLANG_WARN_INFINITE_RECURSION = YES;
				CLANG_WARN_INT_CONVERSION = YES;
				CLANG_WARN_OBJC_ROOT_CLASS = YES_ERROR;
				CLANG_WARN_SUSPICIOUS_MOVES = YES;
				CLANG_WARN_UNREACHABLE_CODE = YES;
				CLANG_WARN__DUPLICATE_METHOD_MATCH = YES;
				"CODE_SIGN_IDENTITY[sdk=iphoneos*]" = "iPhone Developer";
				COPY_PHASE_STRIP = NO;
				DEBUG_INFORMATION_FORMAT = "dwarf-with-dsym";
				ENABLE_NS_ASSERTIONS = NO;
				ENABLE_STRICT_OBJC_MSGSEND = YES;
				GCC_C_LANGUAGE_STANDARD = gnu99;
				GCC_NO_COMMON_BLOCKS = YES;
				GCC_WARN_64_TO_32_BIT_CONVERSION = YES;
				GCC_WARN_ABOUT_RETURN_TYPE = YES_ERROR;
				GCC_WARN_UNDECLARED_SELECTOR = YES;
				GCC_WARN_UNINITIALIZED_AUTOS = YES_AGGRESSIVE;
				GCC_WARN_UNUSED_FUNCTION = YES;
				GCC_WARN_UNUSED_VARIABLE = YES;
				IPHONEOS_DEPLOYMENT_TARGET = 10.0;
				MTL_ENABLE_DEBUG_INFO = NO;
				SDKROOT = iphoneos;
				SWIFT_OPTIMIZATION_LEVEL = "-Owholemodule";
				TARGETED_DEVICE_FAMILY = "1,2";
				VALIDATE_PRODUCT = YES;
			};
			name = Release;
		};
		DBC80EB41E4B840F00A3CCBC /* Debug */ = {
			isa = XCBuildConfiguration;
			baseConfigurationReference = BC1E625F2B916793BCA58482 /* Pods-Repped.debug.xcconfig */;
			buildSettings = {
				ASSETCATALOG_COMPILER_APPICON_NAME = AppIcon;
				DEVELOPMENT_TEAM = 3CFHANQN39;
				INFOPLIST_FILE = Repped/Info.plist;
				LD_RUNPATH_SEARCH_PATHS = "$(inherited) @executable_path/Frameworks";
				PRODUCT_BUNDLE_IDENTIFIER = "com.utapps-wes.Repped";
				PRODUCT_NAME = "$(TARGET_NAME)";
				SWIFT_VERSION = 3.0;
			};
			name = Debug;
		};
		DBC80EB51E4B840F00A3CCBC /* Release */ = {
			isa = XCBuildConfiguration;
			baseConfigurationReference = F0C9986E9D4553657775FCD1 /* Pods-Repped.release.xcconfig */;
			buildSettings = {
				ASSETCATALOG_COMPILER_APPICON_NAME = AppIcon;
				DEVELOPMENT_TEAM = 3CFHANQN39;
				INFOPLIST_FILE = Repped/Info.plist;
				LD_RUNPATH_SEARCH_PATHS = "$(inherited) @executable_path/Frameworks";
				PRODUCT_BUNDLE_IDENTIFIER = "com.utapps-wes.Repped";
				PRODUCT_NAME = "$(TARGET_NAME)";
				SWIFT_VERSION = 3.0;
			};
			name = Release;
		};
		DBC80EB71E4B840F00A3CCBC /* Debug */ = {
			isa = XCBuildConfiguration;
			baseConfigurationReference = BDBCB15701519444437FA42C /* Pods-ReppedTests.debug.xcconfig */;
			buildSettings = {
				ALWAYS_EMBED_SWIFT_STANDARD_LIBRARIES = YES;
				BUNDLE_LOADER = "$(TEST_HOST)";
				INFOPLIST_FILE = ReppedTests/Info.plist;
				LD_RUNPATH_SEARCH_PATHS = "$(inherited) @executable_path/Frameworks @loader_path/Frameworks";
				PRODUCT_BUNDLE_IDENTIFIER = com.utapps.ReppedTests;
				PRODUCT_NAME = "$(TARGET_NAME)";
				SWIFT_VERSION = 3.0;
				TEST_HOST = "$(BUILT_PRODUCTS_DIR)/Repped.app/Repped";
			};
			name = Debug;
		};
		DBC80EB81E4B840F00A3CCBC /* Release */ = {
			isa = XCBuildConfiguration;
			baseConfigurationReference = B8F83473F98DA110ADD37539 /* Pods-ReppedTests.release.xcconfig */;
			buildSettings = {
				ALWAYS_EMBED_SWIFT_STANDARD_LIBRARIES = YES;
				BUNDLE_LOADER = "$(TEST_HOST)";
				INFOPLIST_FILE = ReppedTests/Info.plist;
				LD_RUNPATH_SEARCH_PATHS = "$(inherited) @executable_path/Frameworks @loader_path/Frameworks";
				PRODUCT_BUNDLE_IDENTIFIER = com.utapps.ReppedTests;
				PRODUCT_NAME = "$(TARGET_NAME)";
				SWIFT_VERSION = 3.0;
				TEST_HOST = "$(BUILT_PRODUCTS_DIR)/Repped.app/Repped";
			};
			name = Release;
		};
		DBC80EBA1E4B840F00A3CCBC /* Debug */ = {
			isa = XCBuildConfiguration;
			baseConfigurationReference = 3500F1CCD51CE1643930FF9C /* Pods-ReppedUITests.debug.xcconfig */;
			buildSettings = {
				ALWAYS_EMBED_SWIFT_STANDARD_LIBRARIES = YES;
				INFOPLIST_FILE = ReppedUITests/Info.plist;
				LD_RUNPATH_SEARCH_PATHS = "$(inherited) @executable_path/Frameworks @loader_path/Frameworks";
				PRODUCT_BUNDLE_IDENTIFIER = com.utapps.ReppedUITests;
				PRODUCT_NAME = "$(TARGET_NAME)";
				SWIFT_VERSION = 3.0;
				TEST_TARGET_NAME = Repped;
			};
			name = Debug;
		};
		DBC80EBB1E4B840F00A3CCBC /* Release */ = {
			isa = XCBuildConfiguration;
			baseConfigurationReference = DC6F11409791BEBA8BE1DEA9 /* Pods-ReppedUITests.release.xcconfig */;
			buildSettings = {
				ALWAYS_EMBED_SWIFT_STANDARD_LIBRARIES = YES;
				INFOPLIST_FILE = ReppedUITests/Info.plist;
				LD_RUNPATH_SEARCH_PATHS = "$(inherited) @executable_path/Frameworks @loader_path/Frameworks";
				PRODUCT_BUNDLE_IDENTIFIER = com.utapps.ReppedUITests;
				PRODUCT_NAME = "$(TARGET_NAME)";
				SWIFT_VERSION = 3.0;
				TEST_TARGET_NAME = Repped;
			};
			name = Release;
		};
/* End XCBuildConfiguration section */

/* Begin XCConfigurationList section */
		DBC80E861E4B840E00A3CCBC /* Build configuration list for PBXProject "Repped" */ = {
			isa = XCConfigurationList;
			buildConfigurations = (
				DBC80EB11E4B840F00A3CCBC /* Debug */,
				DBC80EB21E4B840F00A3CCBC /* Release */,
			);
			defaultConfigurationIsVisible = 0;
			defaultConfigurationName = Release;
		};
		DBC80EB31E4B840F00A3CCBC /* Build configuration list for PBXNativeTarget "Repped" */ = {
			isa = XCConfigurationList;
			buildConfigurations = (
				DBC80EB41E4B840F00A3CCBC /* Debug */,
				DBC80EB51E4B840F00A3CCBC /* Release */,
			);
			defaultConfigurationIsVisible = 0;
			defaultConfigurationName = Release;
		};
		DBC80EB61E4B840F00A3CCBC /* Build configuration list for PBXNativeTarget "ReppedTests" */ = {
			isa = XCConfigurationList;
			buildConfigurations = (
				DBC80EB71E4B840F00A3CCBC /* Debug */,
				DBC80EB81E4B840F00A3CCBC /* Release */,
			);
			defaultConfigurationIsVisible = 0;
			defaultConfigurationName = Release;
		};
		DBC80EB91E4B840F00A3CCBC /* Build configuration list for PBXNativeTarget "ReppedUITests" */ = {
			isa = XCConfigurationList;
			buildConfigurations = (
				DBC80EBA1E4B840F00A3CCBC /* Debug */,
				DBC80EBB1E4B840F00A3CCBC /* Release */,
			);
			defaultConfigurationIsVisible = 0;
			defaultConfigurationName = Release;
		};
/* End XCConfigurationList section */
	};
	rootObject = DBC80E831E4B840E00A3CCBC /* Project object */;
}
